
Microsoft Visual Studio Solution File, Format Version 12.00
# Visual Studio Version 17
VisualStudioVersion = 17.6.33815.320
MinimumVisualStudioVersion = 10.0.40219.1
Project("{9A19103F-16F7-4668-BE54-9A1E7A4F7556}") = "Basic of .NET Framework and C#", "Basic of .NET Framework and C#\Basic of .NET Framework and C#.csproj", "{BD0D97AE-F35D-47D8-B32A-94FD41622AFD}"
EndProject
Project("{9A19103F-16F7-4668-BE54-9A1E7A4F7556}") = "Development and Build Tools", "Development and Build Tools\Development and Build Tools.csproj", "{B4E9B532-B328-42DC-8972-65C82B363409}"
EndProject
Project("{9A19103F-16F7-4668-BE54-9A1E7A4F7556}") = "OOP", "OOP\OOP.csproj", "{3A9AD8F3-1611-4A9E-8F8F-55F23214E392}"
EndProject
Project("{9A19103F-16F7-4668-BE54-9A1E7A4F7556}") = "Collections", "Collections\Collections.csproj", "{B2926731-A20E-4A25-83C5-6F8CD5049C9A}"
EndProject
Project("{FAE04EC0-301F-11D3-BF4B-00C04F79EFBC}") = "Interfaces and Abstract Classes", "Interfaces and Abstract Classes\Interfaces and Abstract Classes.csproj", "{18532766-E196-49A9-8C65-707657ADDA0D}"
EndProject
Global
	GlobalSection(SolutionConfigurationPlatforms) = preSolution
		Debug|Any CPU = Debug|Any CPU
		Release|Any CPU = Release|Any CPU
	EndGlobalSection
	GlobalSection(ProjectConfigurationPlatforms) = postSolution
		{BD0D97AE-F35D-47D8-B32A-94FD41622AFD}.Debug|Any CPU.ActiveCfg = Debug|Any CPU
		{BD0D97AE-F35D-47D8-B32A-94FD41622AFD}.Debug|Any CPU.Build.0 = Debug|Any CPU
		{BD0D97AE-F35D-47D8-B32A-94FD41622AFD}.Release|Any CPU.ActiveCfg = Release|Any CPU
		{BD0D97AE-F35D-47D8-B32A-94FD41622AFD}.Release|Any CPU.Build.0 = Release|Any CPU
		{B4E9B532-B328-42DC-8972-65C82B363409}.Debug|Any CPU.ActiveCfg = Debug|Any CPU
		{B4E9B532-B328-42DC-8972-65C82B363409}.Debug|Any CPU.Build.0 = Debug|Any CPU
		{B4E9B532-B328-42DC-8972-65C82B363409}.Release|Any CPU.ActiveCfg = Release|Any CPU
		{B4E9B532-B328-42DC-8972-65C82B363409}.Release|Any CPU.Build.0 = Release|Any CPU
		{3A9AD8F3-1611-4A9E-8F8F-55F23214E392}.Debug|Any CPU.ActiveCfg = Debug|Any CPU
		{3A9AD8F3-1611-4A9E-8F8F-55F23214E392}.Debug|Any CPU.Build.0 = Debug|Any CPU
		{3A9AD8F3-1611-4A9E-8F8F-55F23214E392}.Release|Any CPU.ActiveCfg = Release|Any CPU
		{3A9AD8F3-1611-4A9E-8F8F-55F23214E392}.Release|Any CPU.Build.0 = Release|Any CPU
		{B2926731-A20E-4A25-83C5-6F8CD5049C9A}.Debug|Any CPU.ActiveCfg = Debug|Any CPU
		{B2926731-A20E-4A25-83C5-6F8CD5049C9A}.Debug|Any CPU.Build.0 = Debug|Any CPU
		{B2926731-A20E-4A25-83C5-6F8CD5049C9A}.Release|Any CPU.ActiveCfg = Release|Any CPU
		{B2926731-A20E-4A25-83C5-6F8CD5049C9A}.Release|Any CPU.Build.0 = Release|Any CPU
		{18532766-E196-49A9-8C65-707657ADDA0D}.Debug|Any CPU.ActiveCfg = Debug|Any CPU
		{18532766-E196-49A9-8C65-707657ADDA0D}.Debug|Any CPU.Build.0 = Debug|Any CPU
		{18532766-E196-49A9-8C65-707657ADDA0D}.Release|Any CPU.ActiveCfg = Release|Any CPU
		{18532766-E196-49A9-8C65-707657ADDA0D}.Release|Any CPU.Build.0 = Release|Any CPU
	EndGlobalSection
	GlobalSection(SolutionProperties) = preSolution
		HideSolutionNode = FALSE
	EndGlobalSection
	GlobalSection(ExtensibilityGlobals) = postSolution
		SolutionGuid = {F8ED23BD-30F5-4525-88B6-3D82CAD2D128}
	EndGlobalSection
EndGlobal
